Microsoft Visual Studio Solution File, Format Version 12.00
# Visual Studio Version 17
VisualStudioVersion = 17.5.2.0
MinimumVisualStudioVersion = 10.0.40219.1
Project("{FAE04EC0-301F-11D3-BF4B-00C04F79EFBC}") = "ProjetoLogica", "ProjetoLogica.csproj", "{30C9BBCD-5F88-CC67-B3BF-CB6C0A537EB1}"
EndProject
Global
	GlobalSection(SolutionConfigurationPlatforms) = preSolution
		Debug|Any CPU = Debug|Any CPU
		Release|Any CPU = Release|Any CPU
	EndGlobalSection
	GlobalSection(ProjectConfigurationPlatforms) = postSolution
		{30C9BBCD-5F88-CC67-B3BF-CB6C0A537EB1}.Debug|Any CPU.ActiveCfg = Debug|Any CPU
		{30C9BBCD-5F88-CC67-B3BF-CB6C0A537EB1}.Debug|Any CPU.Build.0 = Debug|Any CPU
		{30C9BBCD-5F88-CC67-B3BF-CB6C0A537EB1}.Release|Any CPU.ActiveCfg = Release|Any CPU
		{30C9BBCD-5F88-CC67-B3BF-CB6C0A537EB1}.Release|Any CPU.Build.0 = Release|Any CPU
	EndGlobalSection
	GlobalSection(SolutionProperties) = preSolution
		HideSolutionNode = FALSE
	EndGlobalSection
	GlobalSection(ExtensibilityGlobals) = postSolution
		SolutionGuid = {7CC64F3C-13DC-4E8E-AAAA-1A6CDCEB7467}
	EndGlobalSection
EndGlobal
